// !$*UTF8*$!
{
	archiveVersion = 1;
	classes = {
	};
	objectVersion = 46;
	objects = {

/* Begin PBXBuildFile section */
		9FEEEFF51BEF92E0008398E4 /* AppDelegate.swift in Sources */ = {isa = PBXBuildFile; fileRef = 9FEEEFF41BEF92E0008398E4 /* AppDelegate.swift */; };
		9FEEEFF71BEF92E0008398E4 /* ViewController.swift in Sources */ = {isa = PBXBuildFile; fileRef = 9FEEEFF61BEF92E0008398E4 /* ViewController.swift */; };
		9FEEEFFA1BEF92E0008398E4 /* Main.storyboard in Resources */ = {isa = PBXBuildFile; fileRef = 9FEEEFF81BEF92E0008398E4 /* Main.storyboard */; };
		9FEEEFFC1BEF92E0008398E4 /* Assets.xcassets in Resources */ = {isa = PBXBuildFile; fileRef = 9FEEEFFB1BEF92E0008398E4 /* Assets.xcassets */; };
		9FEEEFFF1BEF92E0008398E4 /* LaunchScreen.storyboard in Resources */ = {isa = PBXBuildFile; fileRef = 9FEEEFFD1BEF92E0008398E4 /* LaunchScreen.storyboard */; };
		9FEEF00A1BEF92E0008398E4 /* SimpleAlertTests.swift in Sources */ = {isa = PBXBuildFile; fileRef = 9FEEF0091BEF92E0008398E4 /* SimpleAlertTests.swift */; };
		9FEEF0151BEF92E0008398E4 /* SimpleAlertUITests.swift in Sources */ = {isa = PBXBuildFile; fileRef = 9FEEF0141BEF92E0008398E4 /* SimpleAlertUITests.swift */; };
/* End PBXBuildFile section */

/* Begin PBXContainerItemProxy section */
		9FEEF0061BEF92E0008398E4 /* PBXContainerItemProxy */ = {
			isa = PBXContainerItemProxy;
			containerPortal = 9FEEEFE91BEF92E0008398E4 /* Project object */;
			proxyType = 1;
			remoteGlobalIDString = 9FEEEFF01BEF92E0008398E4;
			remoteInfo = SimpleAlert;
		};
		9FEEF0111BEF92E0008398E4 /* PBXContainerItemProxy */ = {
			isa = PBXContainerItemProxy;
			containerPortal = 9FEEEFE91BEF92E0008398E4 /* Project object */;
			proxyType = 1;
			remoteGlobalIDString = 9FEEEFF01BEF92E0008398E4;
			remoteInfo = SimpleAlert;
		};
/* End PBXContainerItemProxy section */

/* Begin PBXFileReference section */
		9FEEEFF11BEF92E0008398E4 /* SimpleAlert.app */ = {isa = PBXFileReference; explicitFileType = wrapper.application; includeInIndex = 0; path = SimpleAlert.app; sourceTree = BUILT_PRODUCTS_DIR; };
		9FEEEFF41BEF92E0008398E4 /* AppDelegate.swift */ = {isa = PBXFileReference; lastKnownFileType = sourcecode.swift; path = AppDelegate.swift; sourceTree = "<group>"; };
		9FEEEFF61BEF92E0008398E4 /* ViewController.swift */ = {isa = PBXFileReference; lastKnownFileType = sourcecode.swift; path = ViewController.swift; sourceTree = "<group>"; };
		9FEEEFF91BEF92E0008398E4 /* Base */ = {isa = PBXFileReference; lastKnownFileType = file.storyboard; name = Base; path = Base.lproj/Main.storyboard; sourceTree = "<group>"; };
		9FEEEFFB1BEF92E0008398E4 /* Assets.xcassets */ = {isa = PBXFileReference; lastKnownFileType = folder.assetcatalog; path = Assets.xcassets; sourceTree = "<group>"; };
		9FEEEFFE1BEF92E0008398E4 /* Base */ = {isa = PBXFileReference; lastKnownFileType = file.storyboard; name = Base; path = Base.lproj/LaunchScreen.storyboard; sourceTree = "<group>"; };
		9FEEF0001BEF92E0008398E4 /* Info.plist */ = {isa = PBXFileReference; lastKnownFileType = text.plist.xml; path = Info.plist; sourceTree = "<group>"; };
		9FEEF0051BEF92E0008398E4 /* SimpleAlertTests.xctest */ = {isa = PBXFileReference; explicitFileType = wrapper.cfbundle; includeInIndex = 0; path = SimpleAlertTests.xctest; sourceTree = BUILT_PRODUCTS_DIR; };
		9FEEF0091BEF92E0008398E4 /* SimpleAlertTests.swift */ = {isa = PBXFileReference; lastKnownFileType = sourcecode.swift; path = SimpleAlertTests.swift; sourceTree = "<group>"; };
		9FEEF00B1BEF92E0008398E4 /* Info.plist */ = {isa = PBXFileReference; lastKnownFileType = text.plist.xml; path = Info.plist; sourceTree = "<group>"; };
		9FEEF0101BEF92E0008398E4 /* SimpleAlertUITests.xctest */ = {isa = PBXFileReference; explicitFileType = wrapper.cfbundle; includeInIndex = 0; path = SimpleAlertUITests.xctest; sourceTree = BUILT_PRODUCTS_DIR; };
		9FEEF0141BEF92E0008398E4 /* SimpleAlertUITests.swift */ = {isa = PBXFileReference; lastKnownFileType = sourcecode.swift; path = SimpleAlertUITests.swift; sourceTree = "<group>"; };
		9FEEF0161BEF92E0008398E4 /* Info.plist */ = {isa = PBXFileReference; lastKnownFileType = text.plist.xml; path = Info.plist; sourceTree = "<group>"; };
/* End PBXFileReference section */

/* Begin PBXFrameworksBuildPhase section */
		9FEEEFEE1BEF92E0008398E4 /* Frameworks */ = {
			isa = PBXFrameworksBuildPhase;
			buildActionMask = 2147483647;
			files = (
			);
			runOnlyForDeploymentPostprocessing = 0;
		};
		9FEEF0021BEF92E0008398E4 /* Frameworks */ = {
			isa = PBXFrameworksBuildPhase;
			buildActionMask = 2147483647;
			files = (
			);
			runOnlyForDeploymentPostprocessing = 0;
		};
		9FEEF00D1BEF92E0008398E4 /* Frameworks */ = {
			isa = PBXFrameworksBuildPhase;
			buildActionMask = 2147483647;
			files = (
			);
			runOnlyForDeploymentPostprocessing = 0;
		};
/* End PBXFrameworksBuildPhase section */

/* Begin PBXGroup section */
		9FEEEFE81BEF92E0008398E4 = {
			isa = PBXGroup;
			children = (
				9FEEEFF31BEF92E0008398E4 /* SimpleAlert */,
				9FEEF0081BEF92E0008398E4 /* SimpleAlertTests */,
				9FEEF0131BEF92E0008398E4 /* SimpleAlertUITests */,
				9FEEEFF21BEF92E0008398E4 /* Products */,
			);
			sourceTree = "<group>";
		};
		9FEEEFF21BEF92E0008398E4 /* Products */ = {
			isa = PBXGroup;
			children = (
				9FEEEFF11BEF92E0008398E4 /* SimpleAlert.app */,
				9FEEF0051BEF92E0008398E4 /* SimpleAlertTests.xctest */,
				9FEEF0101BEF92E0008398E4 /* SimpleAlertUITests.xctest */,
			);
			name = Products;
			sourceTree = "<group>";
		};
		9FEEEFF31BEF92E0008398E4 /* SimpleAlert */ = {
			isa = PBXGroup;
			children = (
				9FEEEFF41BEF92E0008398E4 /* AppDelegate.swift */,
				9FEEEFF61BEF92E0008398E4 /* ViewController.swift */,
				9FEEEFF81BEF92E0008398E4 /* Main.storyboard */,
				9FEEEFFB1BEF92E0008398E4 /* Assets.xcassets */,
				9FEEEFFD1BEF92E0008398E4 /* LaunchScreen.storyboard */,
				9FEEF0001BEF92E0008398E4 /* Info.plist */,
			);
			path = SimpleAlert;
			sourceTree = "<group>";
		};
		9FEEF0081BEF92E0008398E4 /* SimpleAlertTests */ = {
			isa = PBXGroup;
			children = (
				9FEEF0091BEF92E0008398E4 /* SimpleAlertTests.swift */,
				9FEEF00B1BEF92E0008398E4 /* Info.plist */,
			);
			path = SimpleAlertTests;
			sourceTree = "<group>";
		};
		9FEEF0131BEF92E0008398E4 /* SimpleAlertUITests */ = {
			isa = PBXGroup;
			children = (
				9FEEF0141BEF92E0008398E4 /* SimpleAlertUITests.swift */,
				9FEEF0161BEF92E0008398E4 /* Info.plist */,
			);
			path = SimpleAlertUITests;
			sourceTree = "<group>";
		};
/* End PBXGroup section */

/* Begin PBXNativeTarget section */
		9FEEEFF01BEF92E0008398E4 /* SimpleAlert */ = {
			isa = PBXNativeTarget;
			buildConfigurationList = 9FEEF0191BEF92E0008398E4 /* Build configuration list for PBXNativeTarget "SimpleAlert" */;
			buildPhases = (
				9FEEEFED1BEF92E0008398E4 /* Sources */,
				9FEEEFEE1BEF92E0008398E4 /* Frameworks */,
				9FEEEFEF1BEF92E0008398E4 /* Resources */,
			);
			buildRules = (
			);
			dependencies = (
			);
			name = SimpleAlert;
			productName = SimpleAlert;
			productReference = 9FEEEFF11BEF92E0008398E4 /* SimpleAlert.app */;
			productType = "com.apple.product-type.application";
		};
		9FEEF0041BEF92E0008398E4 /* SimpleAlertTests */ = {
			isa = PBXNativeTarget;
			buildConfigurationList = 9FEEF01C1BEF92E0008398E4 /* Build configuration list for PBXNativeTarget "SimpleAlertTests" */;
			buildPhases = (
				9FEEF0011BEF92E0008398E4 /* Sources */,
				9FEEF0021BEF92E0008398E4 /* Frameworks */,
				9FEEF0031BEF92E0008398E4 /* Resources */,
			);
			buildRules = (
			);
			dependencies = (
				9FEEF0071BEF92E0008398E4 /* PBXTargetDependency */,
			);
			name = SimpleAlertTests;
			productName = SimpleAlertTests;
			productReference = 9FEEF0051BEF92E0008398E4 /* SimpleAlertTests.xctest */;
			productType = "com.apple.product-type.bundle.unit-test";
		};
		9FEEF00F1BEF92E0008398E4 /* SimpleAlertUITests */ = {
			isa = PBXNativeTarget;
			buildConfigurationList = 9FEEF01F1BEF92E0008398E4 /* Build configuration list for PBXNativeTarget "SimpleAlertUITests" */;
			buildPhases = (
				9FEEF00C1BEF92E0008398E4 /* Sources */,
				9FEEF00D1BEF92E0008398E4 /* Frameworks */,
				9FEEF00E1BEF92E0008398E4 /* Resources */,
			);
			buildRules = (
			);
			dependencies = (
				9FEEF0121BEF92E0008398E4 /* PBXTargetDependency */,
			);
			name = SimpleAlertUITests;
			productName = SimpleAlertUITests;
			productReference = 9FEEF0101BEF92E0008398E4 /* SimpleAlertUITests.xctest */;
			productType = "com.apple.product-type.bundle.ui-testing";
		};
/* End PBXNativeTarget section */

/* Begin PBXProject section */
		9FEEEFE91BEF92E0008398E4 /* Project object */ = {
			isa = PBXProject;
			attributes = {
				LastSwiftUpdateCheck = 0710;
				LastUpgradeCheck = 0710;
				ORGANIZATIONNAME = "Lucian Piros";
				TargetAttributes = {
					9FEEEFF01BEF92E0008398E4 = {
						CreatedOnToolsVersion = 7.1;
					};
					9FEEF0041BEF92E0008398E4 = {
						CreatedOnToolsVersion = 7.1;
						TestTargetID = 9FEEEFF01BEF92E0008398E4;
					};
					9FEEF00F1BEF92E0008398E4 = {
						CreatedOnToolsVersion = 7.1;
						TestTargetID = 9FEEEFF01BEF92E0008398E4;
					};
				};
			};
			buildConfigurationList = 9FEEEFEC1BEF92E0008398E4 /* Build configuration list for PBXProject "SimpleAlert" */;
			compatibilityVersion = "Xcode 3.2";
			developmentRegion = English;
			hasScannedForEncodings = 0;
			knownRegions = (
				en,
				Base,
			);
			mainGroup = 9FEEEFE81BEF92E0008398E4;
			productRefGroup = 9FEEEFF21BEF92E0008398E4 /* Products */;
			projectDirPath = "";
			projectRoot = "";
			targets = (
				9FEEEFF01BEF92E0008398E4 /* SimpleAlert */,
				9FEEF0041BEF92E0008398E4 /* SimpleAlertTests */,
				9FEEF00F1BEF92E0008398E4 /* SimpleAlertUITests */,
			);
		};
/* End PBXProject section */

/* Begin PBXResourcesBuildPhase section */
		9FEEEFEF1BEF92E0008398E4 /* Resources */ = {
			isa = PBXResourcesBuildPhase;
			buildActionMask = 2147483647;
			files = (
				9FEEEFFF1BEF92E0008398E4 /* LaunchScreen.storyboard in Resources */,
				9FEEEFFC1BEF92E0008398E4 /* Assets.xcassets in Resources */,
				9FEEEFFA1BEF92E0008398E4 /* Main.storyboard in Resources */,
			);
			runOnlyForDeploymentPostprocessing = 0;
		};
		9FEEF0031BEF92E0008398E4 /* Resources */ = {
			isa = PBXResourcesBuildPhase;
			buildActionMask = 2147483647;
			files = (
			);
			runOnlyForDeploymentPostprocessing = 0;
		};
		9FEEF00E1BEF92E0008398E4 /* Resources */ = {
			isa = PBXResourcesBuildPhase;
			buildActionMask = 2147483647;
			files = (
			);
			runOnlyForDeploymentPostprocessing = 0;
		};
/* End PBXResourcesBuildPhase section */

/* Begin PBXSourcesBuildPhase section */
		9FEEEFED1BEF92E0008398E4 /* Sources */ = {
			isa = PBXSourcesBuildPhase;
			buildActionMask = 2147483647;
			files = (
				9FEEEFF71BEF92E0008398E4 /* ViewController.swift in Sources */,
				9FEEEFF51BEF92E0008398E4 /* AppDelegate.swift in Sources */,
			);
			runOnlyForDeploymentPostprocessing = 0;
		};
		9FEEF0011BEF92E0008398E4 /* Sources */ = {
			isa = PBXSourcesBuildPhase;
			buildActionMask = 2147483647;
			files = (
				9FEEF00A1BEF92E0008398E4 /* SimpleAlertTests.swift in Sources */,
			);
			runOnlyForDeploymentPostprocessing = 0;
		};
		9FEEF00C1BEF92E0008398E4 /* Sources */ = {
			isa = PBXSourcesBuildPhase;
			buildActionMask = 2147483647;
			files = (
				9FEEF0151BEF92E0008398E4 /* SimpleAlertUITests.swift in Sources */,
			);
			runOnlyForDeploymentPostprocessing = 0;
		};
/* End PBXSourcesBuildPhase section */

/* Begin PBXTargetDependency section */
		9FEEF0071BEF92E0008398E4 /* PBXTargetDependency */ = {
			isa = PBXTargetDependency;
			target = 9FEEEFF01BEF92E0008398E4 /* SimpleAlert */;
			targetProxy = 9FEEF0061BEF92E0008398E4 /* PBXContainerItemProxy */;
		};
		9FEEF0121BEF92E0008398E4 /* PBXTargetDependency */ = {
			isa = PBXTargetDependency;
			target = 9FEEEFF01BEF92E0008398E4 /* SimpleAlert */;
			targetProxy = 9FEEF0111BEF92E0008398E4 /* PBXContainerItemProxy */;
		};
/* End PBXTargetDependency section */

/* Begin PBXVariantGroup section */
		9FEEEFF81BEF92E0008398E4 /* Main.storyboard */ = {
			isa = PBXVariantGroup;
			children = (
				9FEEEFF91BEF92E0008398E4 /* Base */,
			);
			name = Main.storyboard;
			sourceTree = "<group>";
		};
		9FEEEFFD1BEF92E0008398E4 /* LaunchScreen.storyboard */ = {
			isa = PBXVariantGroup;
			children = (
				9FEEEFFE1BEF92E0008398E4 /* Base */,
			);
			name = LaunchScreen.storyboard;
			sourceTree = "<group>";
		};
/* End PBXVariantGroup section */

/* Begin XCBuildConfiguration section */
		9FEEF0171BEF92E0008398E4 /* Debug */ = {
			isa = XCBuildConfiguration;
			buildSettings = {
				ALWAYS_SEARCH_USER_PATHS = NO;
				CLANG_CXX_LANGUAGE_STANDARD = "gnu++0x";
				CLANG_CXX_LIBRARY = "libc++";
				CLANG_ENABLE_MODULES = YES;
				CLANG_ENABLE_OBJC_ARC = YES;
				CLANG_WARN_BOOL_CONVERSION = YES;
				CLANG_WARN_CONSTANT_CONVERSION = YES;
				CLANG_WARN_DIRECT_OBJC_ISA_USAGE = YES_ERROR;
				CLANG_WARN_EMPTY_BODY = YES;
				CLANG_WARN_ENUM_CONVERSION = YES;
				CLANG_WARN_INT_CONVERSION = YES;
				CLANG_WARN_OBJC_ROOT_CLASS = YES_ERROR;
				CLANG_WARN_UNREACHABLE_CODE = YES;
				CLANG_WARN__DUPLICATE_METHOD_MATCH = YES;
				"CODE_SIGN_IDENTITY[sdk=iphoneos*]" = "iPhone Developer";
				COPY_PHASE_STRIP = NO;
				DEBUG_INFORMATION_FORMAT = dwarf;
				ENABLE_STRICT_OBJC_MSGSEND = YES;
				ENABLE_TESTABILITY = YES;
				GCC_C_LANGUAGE_STANDARD = gnu99;
				GCC_DYNAMIC_NO_PIC = NO;
				GCC_NO_COMMON_BLOCKS = YES;
				GCC_OPTIMIZATION_LEVEL = 0;
				GCC_PREPROCESSOR_DEFINITIONS = (
					"DEBUG=1",
					"$(inherited)",
				);
				GCC_WARN_64_TO_32_BIT_CONVERSION = YES;
				GCC_WARN_ABOUT_RETURN_TYPE = YES_ERROR;
				GCC_WARN_UNDECLARED_SELECTOR = YES;
				GCC_WARN_UNINITIALIZED_AUTOS = YES_AGGRESSIVE;
				GCC_WARN_UNUSED_FUNCTION = YES;
				GCC_WARN_UNUSED_VARIABLE = YES;
				IPHONEOS_DEPLOYMENT_TARGET = 9.1;
				MTL_ENABLE_DEBUG_INFO = YES;
				ONLY_ACTIVE_ARCH = YES;
				SDKROOT = iphoneos;
				SWIFT_OPTIMIZATION_LEVEL = "-Onone";
				TARGETED_DEVICE_FAMILY = "1,2";
			};
			name = Debug;
		};
		9FEEF0181BEF92E0008398E4 /* Release */ = {
			isa = XCBuildConfiguration;
			buildSettings = {
				ALWAYS_SEARCH_USER_PATHS = NO;
				CLANG_CXX_LANGUAGE_STANDARD = "gnu++0x";
				CLANG_CXX_LIBRARY = "libc++";
				CLANG_ENABLE_MODULES = YES;
				CLANG_ENABLE_OBJC_ARC = YES;
				CLANG_WARN_BOOL_CONVERSION = YES;
				CLANG_WARN_CONSTANT_CONVERSION = YES;
				CLANG_WARN_DIRECT_OBJC_ISA_USAGE = YES_ERROR;
				CLANG_WARN_EMPTY_BODY = YES;
				CLANG_WARN_ENUM_CONVERSION = YES;
				CLANG_WARN_INT_CONVERSION = YES;
				CLANG_WARN_OBJC_ROOT_CLASS = YES_ERROR;
				CLANG_WARN_UNREACHABLE_CODE = YES;
				CLANG_WARN__DUPLICATE_METHOD_MATCH = YES;
				"CODE_SIGN_IDENTITY[sdk=iphoneos*]" = "iPhone Developer";
				COPY_PHASE_STRIP = NO;
				DEBUG_INFORMATION_FORMAT = "dwarf-with-dsym";
				ENABLE_NS_ASSERTIONS = NO;
				ENABLE_STRICT_OBJC_MSGSEND = YES;
				GCC_C_LANGUAGE_STANDARD = gnu99;
				GCC_NO_COMMON_BLOCKS = YES;
				GCC_WARN_64_TO_32_BIT_CONVERSION = YES;
				GCC_WARN_ABOUT_RETURN_TYPE = YES_ERROR;
				GCC_WARN_UNDECLARED_SELECTOR = YES;
				GCC_WARN_UNINITIALIZED_AUTOS = YES_AGGRESSIVE;
				GCC_WARN_UNUSED_FUNCTION = YES;
				GCC_WARN_UNUSED_VARIABLE = YES;
				IPHONEOS_DEPLOYMENT_TARGET = 9.1;
				MTL_ENABLE_DEBUG_INFO = NO;
				SDKROOT = iphoneos;
				TARGETED_DEVICE_FAMILY = "1,2";
				VALIDATE_PRODUCT = YES;
			};
			name = Release;
		};
		9FEEF01A1BEF92E0008398E4 /* Debug */ = {
			isa = XCBuildConfiguration;
			buildSettings = {
				ASSETCATALOG_COMPILER_APPICON_NAME = AppIcon;
				INFOPLIST_FILE = SimpleAlert/Info.plist;
				LD_RUNPATH_SEARCH_PATHS = "$(inherited) @executable_path/Frameworks";
				PRODUCT_BUNDLE_IDENTIFIER = com.topcoder.SimpleAlert;
				PRODUCT_NAME = "$(TARGET_NAME)";
			};
			name = Debug;
		};
		9FEEF01B1BEF92E0008398E4 /* Release */ = {
			isa = XCBuildConfiguration;
			buildSettings = {
				ASSETCATALOG_COMPILER_APPICON_NAME = AppIcon;
				INFOPLIST_FILE = SimpleAlert/Info.plist;
				LD_RUNPATH_SEARCH_PATHS = "$(inherited) @executable_path/Frameworks";
				PRODUCT_BUNDLE_IDENTIFIER = com.topcoder.SimpleAlert;
				PRODUCT_NAME = "$(TARGET_NAME)";
			};
			name = Release;
		};
		9FEEF01D1BEF92E0008398E4 /* Debug */ = {
			isa = XCBuildConfiguration;
			buildSettings = {
				BUNDLE_LOADER = "$(TEST_HOST)";
				INFOPLIST_FILE = SimpleAlertTests/Info.plist;
				LD_RUNPATH_SEARCH_PATHS = "$(inherited) @executable_path/Frameworks @loader_path/Frameworks";
				PRODUCT_BUNDLE_IDENTIFIER = com.topcoder.SimpleAlertTests;
				PRODUCT_NAME = "$(TARGET_NAME)";
				TEST_HOST = "$(BUILT_PRODUCTS_DIR)/SimpleAlert.app/SimpleAlert";
			};
			name = Debug;
		};
		9FEEF01E1BEF92E0008398E4 /* Release */ = {
			isa = XCBuildConfiguration;
			buildSettings = {
				BUNDLE_LOADER = "$(TEST_HOST)";
				INFOPLIST_FILE = SimpleAlertTests/Info.plist;
				LD_RUNPATH_SEARCH_PATHS = "$(inherited) @executable_path/Frameworks @loader_path/Frameworks";
				PRODUCT_BUNDLE_IDENTIFIER = com.topcoder.SimpleAlertTests;
				PRODUCT_NAME = "$(TARGET_NAME)";
				TEST_HOST = "$(BUILT_PRODUCTS_DIR)/SimpleAlert.app/SimpleAlert";
			};
			name = Release;
		};
		9FEEF0201BEF92E0008398E4 /* Debug */ = {
			isa = XCBuildConfiguration;
			buildSettings = {
				INFOPLIST_FILE = SimpleAlertUITests/Info.plist;
				LD_RUNPATH_SEARCH_PATHS = "$(inherited) @executable_path/Frameworks @loader_path/Frameworks";
				PRODUCT_BUNDLE_IDENTIFIER = com.topcoder.SimpleAlertUITests;
				PRODUCT_NAME = "$(TARGET_NAME)";
				TEST_TARGET_NAME = SimpleAlert;
				USES_XCTRUNNER = YES;
			};
			name = Debug;
		};
		9FEEF0211BEF92E0008398E4 /* Release */ = {
			isa = XCBuildConfiguration;
			buildSettings = {
				INFOPLIST_FILE = SimpleAlertUITests/Info.plist;
				LD_RUNPATH_SEARCH_PATHS = "$(inherited) @executable_path/Frameworks @loader_path/Frameworks";
				PRODUCT_BUNDLE_IDENTIFIER = com.topcoder.SimpleAlertUITests;
				PRODUCT_NAME = "$(TARGET_NAME)";
				TEST_TARGET_NAME = SimpleAlert;
				USES_XCTRUNNER = YES;
			};
			name = Release;
		};
/* End XCBuildConfiguration section */

/* Begin XCConfigurationList section */
		9FEEEFEC1BEF92E0008398E4 /* Build configuration list for PBXProject "SimpleAlert" */ = {
			isa = XCConfigurationList;
			buildConfigurations = (
				9FEEF0171BEF92E0008398E4 /* Debug */,
				9FEEF0181BEF92E0008398E4 /* Release */,
			);
			defaultConfigurationIsVisible = 0;
			defaultConfigurationName = Release;
		};
		9FEEF0191BEF92E0008398E4 /* Build configuration list for PBXNativeTarget "SimpleAlert" */ = {
			isa = XCConfigurationList;
			buildConfigurations = (
				9FEEF01A1BEF92E0008398E4 /* Debug */,
				9FEEF01B1BEF92E0008398E4 /* Release */,
			);
			defaultConfigurationIsVisible = 0;
			defaultConfigurationName = Release;
		};
		9FEEF01C1BEF92E0008398E4 /* Build configuration list for PBXNativeTarget "SimpleAlertTests" */ = {
			isa = XCConfigurationList;
			buildConfigurations = (
				9FEEF01D1BEF92E0008398E4 /* Debug */,
				9FEEF01E1BEF92E0008398E4 /* Release */,
			);
			defaultConfigurationIsVisible = 0;
			defaultConfigurationName = Release;
		};
		9FEEF01F1BEF92E0008398E4 /* Build configuration list for PBXNativeTarget "SimpleAlertUITests" */ = {
			isa = XCConfigurationList;
			buildConfigurations = (
				9FEEF0201BEF92E0008398E4 /* Debug */,
				9FEEF0211BEF92E0008398E4 /* Release */,
			);
			defaultConfigurationIsVisible = 0;
			defaultConfigurationName = Release;
		};
/* End XCConfigurationList section */
	};
	rootObject = 9FEEEFE91BEF92E0008398E4 /* Project object */;
}
